
Microsoft Visual Studio Solution File, Format Version 12.00
# Visual Studio 15
Project("{FAE04EC0-301F-11D3-BF4B-00C04F79EFBC}") = "DotNetCoreAngularCrudDataService", "DotNetCoreAngularCrudDataService\DotNetCoreAngularCrudDataService.csproj", "{EEA4E536-BBF1-4561-9E6A-B6ABEC340C4E}"
EndProject
Project("{FAE04EC0-301F-11D3-BF4B-00C04F79EFBC}") = "DotNetCoreAngularCrudDataService.Framework", "DotNetCoreAngularCrudDataService.Framework\DotNetCoreAngularCrudDataService.Framework.csproj", "{635DBB05-CC73-4295-A6B1-5913ED3DFFAD}"
EndProject
Project("{FAE04EC0-301F-11D3-BF4B-00C04F79EFBC}") = "DotNetCoreAngularCrudDataService.Test", "DotNetCoreAngularCrudDataService.Test\DotNetCoreAngularCrudDataService.Test.csproj", "{B44D390C-2F72-4174-9905-20FDA436AF26}"
EndProject
Global
	GlobalSection(SolutionConfigurationPlatforms) = preSolution
		Debug|Any CPU = Debug|Any CPU
		Release|Any CPU = Release|Any CPU
	EndGlobalSection
	GlobalSection(ProjectConfigurationPlatforms) = postSolution
		{EEA4E536-BBF1-4561-9E6A-B6ABEC340C4E}.Debug|Any CPU.ActiveCfg = Debug|Any CPU
		{EEA4E536-BBF1-4561-9E6A-B6ABEC340C4E}.Debug|Any CPU.Build.0 = Debug|Any CPU
		{EEA4E536-BBF1-4561-9E6A-B6ABEC340C4E}.Release|Any CPU.ActiveCfg = Release|Any CPU
		{EEA4E536-BBF1-4561-9E6A-B6ABEC340C4E}.Release|Any CPU.Build.0 = Release|Any CPU
		{635DBB05-CC73-4295-A6B1-5913ED3DFFAD}.Debug|Any CPU.ActiveCfg = Debug|Any CPU
		{635DBB05-CC73-4295-A6B1-5913ED3DFFAD}.Debug|Any CPU.Build.0 = Debug|Any CPU
		{635DBB05-CC73-4295-A6B1-5913ED3DFFAD}.Release|Any CPU.ActiveCfg = Release|Any CPU
		{635DBB05-CC73-4295-A6B1-5913ED3DFFAD}.Release|Any CPU.Build.0 = Release|Any CPU
		{B44D390C-2F72-4174-9905-20FDA436AF26}.Debug|Any CPU.ActiveCfg = Debug|Any CPU
		{B44D390C-2F72-4174-9905-20FDA436AF26}.Debug|Any CPU.Build.0 = Debug|Any CPU
		{B44D390C-2F72-4174-9905-20FDA436AF26}.Release|Any CPU.ActiveCfg = Release|Any CPU
		{B44D390C-2F72-4174-9905-20FDA436AF26}.Release|Any CPU.Build.0 = Release|Any CPU
	EndGlobalSection
EndGlobal
